{
  "name": "squoosh",
  "version": "1.0.0",
  "lockfileVersion": 2,
  "requires": true,
  "packages": {
    "": {
      "name": "squoosh",
      "version": "1.0.0",
      "license": "ISC",
      "dependencies": {
        "@squoosh/lib": "^0.4.0"
      }
    },
    "node_modules/@squoosh/lib": {
      "version": "0.4.0",
      "resolved": "https://registry.npmjs.org/@squoosh/lib/-/lib-0.4.0.tgz",
      "integrity": "sha512-O1LyugWLZjMI4JZeZMA5vzfhfPjfMZXH5/HmVkRagP8B70wH3uoR7tjxfGNdSavey357MwL8YJDxbGwBBdHp7Q==",
      "dependencies": {
        "wasm-feature-detect": "^1.2.11",
        "web-streams-polyfill": "^3.0.3"
      },
      "engines": {
        "node": " ^12.5.0 || ^14.0.0 || ^16.0.0 "
      }
    },
    "node_modules/wasm-feature-detect": {
      "version": "1.3.0",
      "resolved": "https://registry.npmjs.org/wasm-feature-detect/-/wasm-feature-detect-1.3.0.tgz",
      "integrity": "sha512-w9datO3OReMouWgKOelvu1CozmLK/VbkXOtlzNTanBJpR0uBHyUwS3EYdXf5vBPoHKYS0lpuYo91rpqMNIZM9g=="
    },
    "node_modules/web-streams-polyfill": {
      "version": "3.2.1",
      "resolved": "https://registry.npmjs.org/web-streams-polyfill/-/web-streams-polyfill-3.2.1.tgz",
      "integrity": "sha512-e0MO3wdXWKrLbL0DgGnUV7WHVuw9OUvL4hjgnPkIeEvESk74gAITi5G606JtZPp39cd8HA9VQzCIvA49LpPN5Q==",
      "engines": {
        "node": ">= 8"
      }
    }
  },
  "dependencies": {
    "@squoosh/lib": {
      "version": "0.4.0",
      "resolved": "https://registry.npmjs.org/@squoosh/lib/-/lib-0.4.0.tgz",
      "integrity": "sha512-O1LyugWLZjMI4JZeZMA5vzfhfPjfMZXH5/HmVkRagP8B70wH3uoR7tjxfGNdSavey357MwL8YJDxbGwBBdHp7Q==",
      "requires": {
        "wasm-feature-detect": "^1.2.11",
        "web-streams-polyfill": "^3.0.3"
      }
    },
    "wasm-feature-detect": {
      "version": "1.3.0",
      "resolved": "https://registry.npmjs.org/wasm-feature-detect/-/wasm-feature-detect-1.3.0.tgz",
      "integrity": "sha512-w9datO3OReMouWgKOelvu1CozmLK/VbkXOtlzNTanBJpR0uBHyUwS3EYdXf5vBPoHKYS0lpuYo91rpqMNIZM9g=="
    },
    "web-streams-polyfill": {
      "version": "3.2.1",
      "resolved": "https://registry.npmjs.org/web-streams-polyfill/-/web-streams-polyfill-3.2.1.tgz",
      "integrity": "sha512-e0MO3wdXWKrLbL0DgGnUV7WHVuw9OUvL4hjgnPkIeEvESk74gAITi5G606JtZPp39cd8HA9VQzCIvA49LpPN5Q=="
    }
  }
}
